resolver_version = "local-module-sdk/v1"
root = "paw-agent"
module = "plan_approval_handler"
digest = "sha256:d4c157a836cc82a4f27f9f8236e142ec9e882a1743ee254f3b57ee55503eb9c9"

[[apps]]
name = "paw-fs"
version = "0.1.0"
metadata_digest = "sha256:125b479c0745ab032ea388eb09c6776281f0db3ae4d7a68dd36c4f2159503097"
dependencies = []

[[apps]]
name = "paw-agent"
version = "0.1.0"
metadata_digest = "sha256:98c185d18d541e6caa8f6cad1b274b6e749ca5162d59abd7a3c2ceb3fafdfa49"
dependencies = ["paw-fs"]
