resolver_version = "local-module-sdk/v1"
root = "paw-agent"
module = "plan_approval_handler"
digest = "sha256:124bb3273c5580f498480f4fd854760fd2777fd0f10946c2c7274f32c53807c2"

[[apps]]
name = "paw-fs"
version = "0.1.0"
metadata_digest = "sha256:89849f1b7c166f667221a59f44a7fe9ce1f2e379e6d2a4f25e65173350670467"
dependencies = []

[[apps]]
name = "paw-agent"
version = "0.1.0"
metadata_digest = "sha256:98c185d18d541e6caa8f6cad1b274b6e749ca5162d59abd7a3c2ceb3fafdfa49"
dependencies = ["paw-fs"]
