resolver_version = "local-module-sdk/v1"
root = "paw-agent"
module = "plan_approval_handler"
digest = "sha256:242511156105b4614dfc15c0bbe5e19d00d9b17e75bc88cabe9c94c6b0054230"

[[apps]]
name = "paw-fs"
version = "0.1.0"
metadata_digest = "sha256:0dcaf8db5a8bb6aa4b18c0ac104d64c24e7c159c991f17f3de48f6af1e0a50a2"
dependencies = []

[[apps]]
name = "paw-agent"
version = "0.1.0"
metadata_digest = "sha256:98c185d18d541e6caa8f6cad1b274b6e749ca5162d59abd7a3c2ceb3fafdfa49"
dependencies = ["paw-fs"]
